
Microsoft Visual Studio Solution File, Format Version 12.00
# Visual Studio Version 16
VisualStudioVersion = 16.0.29215.179
MinimumVisualStudioVersion = 10.0.40219.1
Project("{FAE04EC0-301F-11D3-BF4B-00C04F79EFBC}") = "InClassExercise", "InClassExercise\InClassExercise.csproj", "{AA21AA18-2F7B-4D3F-B890-C2D227DAB4DB}"
EndProject
Global
	GlobalSection(SolutionConfigurationPlatforms) = preSolution
		Debug|Any CPU = Debug|Any CPU
		Release|Any CPU = Release|Any CPU
	EndGlobalSection
	GlobalSection(ProjectConfigurationPlatforms) = postSolution
		{AA21AA18-2F7B-4D3F-B890-C2D227DAB4DB}.Debug|Any CPU.ActiveCfg = Debug|Any CPU
		{AA21AA18-2F7B-4D3F-B890-C2D227DAB4DB}.Debug|Any CPU.Build.0 = Debug|Any CPU
		{AA21AA18-2F7B-4D3F-B890-C2D227DAB4DB}.Release|Any CPU.ActiveCfg = Release|Any CPU
		{AA21AA18-2F7B-4D3F-B890-C2D227DAB4DB}.Release|Any CPU.Build.0 = Release|Any CPU
	EndGlobalSection
	GlobalSection(SolutionProperties) = preSolution
		HideSolutionNode = FALSE
	EndGlobalSection
	GlobalSection(ExtensibilityGlobals) = postSolution
		SolutionGuid = {BB792DE0-E124-40CC-A393-4A1D1073026A}
	EndGlobalSection
EndGlobal
